
Microsoft Visual Studio Solution File, Format Version 12.00
# Visual Studio Version 16
VisualStudioVersion = 16.0.31205.134
MinimumVisualStudioVersion = 10.0.40219.1
Project("{FAE04EC0-301F-11D3-BF4B-00C04F79EFBC}") = "Import", "Import\Import.csproj", "{BDE78C36-20F2-4932-A3B3-2F1D1A33E7E4}"
EndProject
Project("{FAE04EC0-301F-11D3-BF4B-00C04F79EFBC}") = "Core", "Core\Core.csproj", "{023C055E-C6C9-4C8B-90A0-D81563BE423A}"
EndProject
Project("{FAE04EC0-301F-11D3-BF4B-00C04F79EFBC}") = "Infrastructure", "Infrastructure\Infrastructure.csproj", "{C2AA352E-48CD-4B83-BBE3-CF9FFF945748}"
EndProject
Global
	GlobalSection(SolutionConfigurationPlatforms) = preSolution
		Debug|Any CPU = Debug|Any CPU
		Release|Any CPU = Release|Any CPU
	EndGlobalSection
	GlobalSection(ProjectConfigurationPlatforms) = postSolution
		{BDE78C36-20F2-4932-A3B3-2F1D1A33E7E4}.Debug|Any CPU.ActiveCfg = Debug|Any CPU
		{BDE78C36-20F2-4932-A3B3-2F1D1A33E7E4}.Debug|Any CPU.Build.0 = Debug|Any CPU
		{BDE78C36-20F2-4932-A3B3-2F1D1A33E7E4}.Release|Any CPU.ActiveCfg = Release|Any CPU
		{BDE78C36-20F2-4932-A3B3-2F1D1A33E7E4}.Release|Any CPU.Build.0 = Release|Any CPU
		{023C055E-C6C9-4C8B-90A0-D81563BE423A}.Debug|Any CPU.ActiveCfg = Debug|Any CPU
		{023C055E-C6C9-4C8B-90A0-D81563BE423A}.Debug|Any CPU.Build.0 = Debug|Any CPU
		{023C055E-C6C9-4C8B-90A0-D81563BE423A}.Release|Any CPU.ActiveCfg = Release|Any CPU
		{023C055E-C6C9-4C8B-90A0-D81563BE423A}.Release|Any CPU.Build.0 = Release|Any CPU
		{C2AA352E-48CD-4B83-BBE3-CF9FFF945748}.Debug|Any CPU.ActiveCfg = Debug|Any CPU
		{C2AA352E-48CD-4B83-BBE3-CF9FFF945748}.Debug|Any CPU.Build.0 = Debug|Any CPU
		{C2AA352E-48CD-4B83-BBE3-CF9FFF945748}.Release|Any CPU.ActiveCfg = Release|Any CPU
		{C2AA352E-48CD-4B83-BBE3-CF9FFF945748}.Release|Any CPU.Build.0 = Release|Any CPU
	EndGlobalSection
	GlobalSection(SolutionProperties) = preSolution
		HideSolutionNode = FALSE
	EndGlobalSection
	GlobalSection(ExtensibilityGlobals) = postSolution
		SolutionGuid = {8028B92C-8BBC-4905-8351-4F4D812BDE57}
	EndGlobalSection
EndGlobal
